
Microsoft Visual Studio Solution File, Format Version 12.00
# Visual Studio Version 16
Project("{8BC9CEB8-8B4A-11D0-8D11-00A0C91BC942}") = "ALL_BUILD", "ALL_BUILD.vcxproj", "{3B8F21B0-0441-37A9-B535-D6F3EB9FA692}"
	ProjectSection(ProjectDependencies) = postProject
		{47DB0593-FB6C-3A35-8760-CF975C9CC66D} = {47DB0593-FB6C-3A35-8760-CF975C9CC66D}
		{915FC48D-6095-3032-A6E4-09F0A64BF2D5} = {915FC48D-6095-3032-A6E4-09F0A64BF2D5}
	EndProjectSection
EndProject
Project("{8BC9CEB8-8B4A-11D0-8D11-00A0C91BC942}") = "ZERO_CHECK", "ZERO_CHECK.vcxproj", "{47DB0593-FB6C-3A35-8760-CF975C9CC66D}"
	ProjectSection(ProjectDependencies) = postProject
	EndProjectSection
EndProject
Project("{8BC9CEB8-8B4A-11D0-8D11-00A0C91BC942}") = "test_roboteq", "test_roboteq.vcxproj", "{915FC48D-6095-3032-A6E4-09F0A64BF2D5}"
	ProjectSection(ProjectDependencies) = postProject
		{47DB0593-FB6C-3A35-8760-CF975C9CC66D} = {47DB0593-FB6C-3A35-8760-CF975C9CC66D}
	EndProjectSection
EndProject
Global
	GlobalSection(SolutionConfigurationPlatforms) = preSolution
		Debug|x64 = Debug|x64
		Release|x64 = Release|x64
		MinSizeRel|x64 = MinSizeRel|x64
		RelWithDebInfo|x64 = RelWithDebInfo|x64
	EndGlobalSection
	GlobalSection(ProjectConfigurationPlatforms) = postSolution
		{3B8F21B0-0441-37A9-B535-D6F3EB9FA692}.Debug|x64.ActiveCfg = Debug|x64
		{3B8F21B0-0441-37A9-B535-D6F3EB9FA692}.Release|x64.ActiveCfg = Release|x64
		{3B8F21B0-0441-37A9-B535-D6F3EB9FA692}.MinSizeRel|x64.ActiveCfg = MinSizeRel|x64
		{3B8F21B0-0441-37A9-B535-D6F3EB9FA692}.RelWithDebInfo|x64.ActiveCfg = RelWithDebInfo|x64
		{47DB0593-FB6C-3A35-8760-CF975C9CC66D}.Debug|x64.ActiveCfg = Debug|x64
		{47DB0593-FB6C-3A35-8760-CF975C9CC66D}.Debug|x64.Build.0 = Debug|x64
		{47DB0593-FB6C-3A35-8760-CF975C9CC66D}.Release|x64.ActiveCfg = Release|x64
		{47DB0593-FB6C-3A35-8760-CF975C9CC66D}.Release|x64.Build.0 = Release|x64
		{47DB0593-FB6C-3A35-8760-CF975C9CC66D}.MinSizeRel|x64.ActiveCfg = MinSizeRel|x64
		{47DB0593-FB6C-3A35-8760-CF975C9CC66D}.MinSizeRel|x64.Build.0 = MinSizeRel|x64
		{47DB0593-FB6C-3A35-8760-CF975C9CC66D}.RelWithDebInfo|x64.ActiveCfg = RelWithDebInfo|x64
		{47DB0593-FB6C-3A35-8760-CF975C9CC66D}.RelWithDebInfo|x64.Build.0 = RelWithDebInfo|x64
		{915FC48D-6095-3032-A6E4-09F0A64BF2D5}.Debug|x64.ActiveCfg = Debug|x64
		{915FC48D-6095-3032-A6E4-09F0A64BF2D5}.Debug|x64.Build.0 = Debug|x64
		{915FC48D-6095-3032-A6E4-09F0A64BF2D5}.Release|x64.ActiveCfg = Release|x64
		{915FC48D-6095-3032-A6E4-09F0A64BF2D5}.Release|x64.Build.0 = Release|x64
		{915FC48D-6095-3032-A6E4-09F0A64BF2D5}.MinSizeRel|x64.ActiveCfg = MinSizeRel|x64
		{915FC48D-6095-3032-A6E4-09F0A64BF2D5}.MinSizeRel|x64.Build.0 = MinSizeRel|x64
		{915FC48D-6095-3032-A6E4-09F0A64BF2D5}.RelWithDebInfo|x64.ActiveCfg = RelWithDebInfo|x64
		{915FC48D-6095-3032-A6E4-09F0A64BF2D5}.RelWithDebInfo|x64.Build.0 = RelWithDebInfo|x64
	EndGlobalSection
	GlobalSection(ExtensibilityGlobals) = postSolution
		SolutionGuid = {AD66E81C-3A83-3154-89E9-DAD5C9D735D0}
	EndGlobalSection
	GlobalSection(ExtensibilityAddIns) = postSolution
	EndGlobalSection
EndGlobal
